
Microsoft Visual Studio Solution File, Format Version 12.00
# Visual Studio 14
VisualStudioVersion = 14.0.25420.1
MinimumVisualStudioVersion = 10.0.40219.1
Project("{FAE04EC0-301F-11D3-BF4B-00C04F79EFBC}") = "AlloyDemoKit", "AlloyDemoKit\AlloyDemoKit.csproj", "{6FA51284-08EC-4032-AF77-D6F2ECA790D4}"
EndProject
Project("{FAE04EC0-301F-11D3-BF4B-00C04F79EFBC}") = "WeatherService", "WeatherService\WeatherService.csproj", "{847FDA30-8EC3-48CD-B82B-D7FC4BD54621}"
EndProject
Global
	GlobalSection(SolutionConfigurationPlatforms) = preSolution
		Debug|Any CPU = Debug|Any CPU
		Release|Any CPU = Release|Any CPU
	EndGlobalSection
	GlobalSection(ProjectConfigurationPlatforms) = postSolution
		{6FA51284-08EC-4032-AF77-D6F2ECA790D4}.Debug|Any CPU.ActiveCfg = Debug|Any CPU
		{6FA51284-08EC-4032-AF77-D6F2ECA790D4}.Debug|Any CPU.Build.0 = Debug|Any CPU
		{6FA51284-08EC-4032-AF77-D6F2ECA790D4}.Release|Any CPU.ActiveCfg = Release|Any CPU
		{6FA51284-08EC-4032-AF77-D6F2ECA790D4}.Release|Any CPU.Build.0 = Release|Any CPU
		{847FDA30-8EC3-48CD-B82B-D7FC4BD54621}.Debug|Any CPU.ActiveCfg = Debug|Any CPU
		{847FDA30-8EC3-48CD-B82B-D7FC4BD54621}.Debug|Any CPU.Build.0 = Debug|Any CPU
		{847FDA30-8EC3-48CD-B82B-D7FC4BD54621}.Release|Any CPU.ActiveCfg = Release|Any CPU
		{847FDA30-8EC3-48CD-B82B-D7FC4BD54621}.Release|Any CPU.Build.0 = Release|Any CPU
	EndGlobalSection
	GlobalSection(SolutionProperties) = preSolution
		HideSolutionNode = FALSE
	EndGlobalSection
EndGlobal
